lockfileVersion: '9.0'

settings:
  autoInstallPeers: true
  excludeLinksFromLockfile: false

importers:

  .:
    dependencies:
      '@octokit/webhooks':
        specifier: ^13.0.0
        version: 13.9.1

packages:

  '@octokit/openapi-types@25.1.0':
    resolution: {integrity: sha512-idsIggNXUKkk0+BExUn1dQ92sfysJrje03Q0bv0e+KPLrvyqZF8MnBpFz8UNfYDwB3Ie7Z0TByjWfzxt7vseaA==}

  '@octokit/openapi-webhooks-types@11.0.0':
    resolution: {integrity: sha512-ZBzCFj98v3SuRM7oBas6BHZMJRadlnDoeFfvm1olVxZnYeU6Vh97FhPxyS5aLh5pN51GYv2I51l/hVUAVkGBlA==}

  '@octokit/request-error@6.1.8':
    resolution: {integrity: sha512-WEi/R0Jmq+IJKydWlKDmryPcmdYSVjL3ekaiEL1L9eo1sUnqMJ+grqmC9cjk7CA7+b2/T397tO5d8YLOH3qYpQ==}
    engines: {node: '>= 18'}

  '@octokit/types@14.1.0':
    resolution: {integrity: sha512-1y6DgTy8Jomcpu33N+p5w58l6xyt55Ar2I91RPiIA0xCJBXyUAhXCcmZaDWSANiha7R9a6qJJ2CRomGPZ6f46g==}

  '@octokit/webhooks-methods@5.1.1':
    resolution: {integrity: sha512-NGlEHZDseJTCj8TMMFehzwa9g7On4KJMPVHDSrHxCQumL6uSQR8wIkP/qesv52fXqV1BPf4pTxwtS31ldAt9Xg==}
    engines: {node: '>= 18'}

  '@octokit/webhooks@13.9.1':
    resolution: {integrity: sha512-Nss2b4Jyn4wB3EAqAPJypGuCJFalz/ZujKBQQ5934To7Xw9xjf4hkr/EAByxQY7hp7MKd790bWGz7XYSTsHmaw==}
    engines: {node: '>= 18'}

snapshots:

  '@octokit/openapi-types@25.1.0': {}

  '@octokit/openapi-webhooks-types@11.0.0': {}

  '@octokit/request-error@6.1.8':
    dependencies:
      '@octokit/types': 14.1.0

  '@octokit/types@14.1.0':
    dependencies:
      '@octokit/openapi-types': 25.1.0

  '@octokit/webhooks-methods@5.1.1': {}

  '@octokit/webhooks@13.9.1':
    dependencies:
      '@octokit/openapi-webhooks-types': 11.0.0
      '@octokit/request-error': 6.1.8
      '@octokit/webhooks-methods': 5.1.1
